
Microsoft Visual Studio Solution File, Format Version 12.00
# Visual Studio 14
VisualStudioVersion = 14.0.25420.1
MinimumVisualStudioVersion = 10.0.40219.1
Project("{2150E333-8FDC-42A3-9474-1A3956D46DE8}") = "Domains", "Domains", "{BEE25DFA-83B9-438C-B093-5F0115582BDA}"
EndProject
Project("{2150E333-8FDC-42A3-9474-1A3956D46DE8}") = "Services", "Services", "{2B96D59E-87A8-4CE8-89B2-9FCBEAAA4C69}"
EndProject
Project("{2150E333-8FDC-42A3-9474-1A3956D46DE8}") = "Repository", "Repository", "{183F2E02-9652-42F7-BCAC-84A08DBA8A11}"
EndProject
Project("{2150E333-8FDC-42A3-9474-1A3956D46DE8}") = "WebApi-Helpers", "WebApi-Helpers", "{C1778C2D-BD58-451B-842B-9C8D080AB316}"
EndProject
Project("{2150E333-8FDC-42A3-9474-1A3956D46DE8}") = "Test", "Test", "{782B0DAE-EE53-4E8B-A86D-B307C93591E2}"
	ProjectSection(SolutionItems) = preProject
		FiddlerRequest.saz = FiddlerRequest.saz
	EndProjectSection
EndProject
Project("{2150E333-8FDC-42A3-9474-1A3956D46DE8}") = "WebApi-Application", "WebApi-Application", "{4003CFCE-3430-41A7-90C0-2BBD87D08CB4}"
EndProject
Project("{FAE04EC0-301F-11D3-BF4B-00C04F79EFBC}") = "WebApi.Domains", "WebApi.Domains\WebApi.Domains.csproj", "{4A2F1514-D61C-4953-9308-6FE0A45B2A82}"
EndProject
Project("{FAE04EC0-301F-11D3-BF4B-00C04F79EFBC}") = "WebApi.Repository.Interface", "WebApi.Repository.Interface\WebApi.Repository.Interface.csproj", "{55A7215C-D08E-44BA-BF14-F987C0487686}"
EndProject
Project("{FAE04EC0-301F-11D3-BF4B-00C04F79EFBC}") = "WebApi.Repository.Implementation", "WebApi.Repository.Implementation\WebApi.Repository.Implementation.csproj", "{1D7870BA-1C08-4D28-85BD-BA7D072059C9}"
EndProject
Project("{FAE04EC0-301F-11D3-BF4B-00C04F79EFBC}") = "WebApi.Service.Interface", "WebApi.Service.Interface\WebApi.Service.Interface.csproj", "{8F1CA819-3F45-4B8A-B909-E7DF3E4B2A60}"
EndProject
Project("{FAE04EC0-301F-11D3-BF4B-00C04F79EFBC}") = "WebApi.Service.Implementation", "WebApi.Service.Implementation\WebApi.Service.Implementation.csproj", "{83D8E301-6A19-483D-A687-8286E6B76221}"
EndProject
Project("{2150E333-8FDC-42A3-9474-1A3956D46DE8}") = "Common", "Common", "{765C2DB1-2BA3-4C67-9142-E4DEBC7612FD}"
EndProject
Project("{FAE04EC0-301F-11D3-BF4B-00C04F79EFBC}") = "WebApi.Custom.Unity", "WebApi.Custom.Unity\WebApi.Custom.Unity.csproj", "{0F08045C-4C6F-4CE7-9508-3E6D0162C904}"
EndProject
Project("{FAE04EC0-301F-11D3-BF4B-00C04F79EFBC}") = "WebApi.App", "WebApi.App\WebApi.App.csproj", "{2CDE8703-AFB3-4474-8A73-0CA58054AAD8}"
EndProject
Project("{FAE04EC0-301F-11D3-BF4B-00C04F79EFBC}") = "WebApi.App.Tests", "WebApi.App.Tests\WebApi.App.Tests.csproj", "{B444ACE6-FBEF-44A0-804D-BACB4ECB40D7}"
EndProject
Project("{2150E333-8FDC-42A3-9474-1A3956D46DE8}") = "Common", "Common", "{28F8D26F-3D3A-46C4-840B-4D6BBFA3AD38}"
EndProject
Project("{FAE04EC0-301F-11D3-BF4B-00C04F79EFBC}") = "WebApi.Custom.Unity.Test", "WebApi.Custom.Unity.Test\WebApi.Custom.Unity.Test.csproj", "{4732FB35-504E-49D9-9C8F-4B408A549307}"
EndProject
Project("{2150E333-8FDC-42A3-9474-1A3956D46DE8}") = "Repository", "Repository", "{3E11CCCC-C048-454F-A449-92757A336E4A}"
EndProject
Project("{2150E333-8FDC-42A3-9474-1A3956D46DE8}") = "Services", "Services", "{EA17DD17-B8CB-4C41-92B9-072E0C782B32}"
EndProject
Project("{FAE04EC0-301F-11D3-BF4B-00C04F79EFBC}") = "WebApi.Repository.Implementation.Test", "WebApi.Repository.Implementation.Test\WebApi.Repository.Implementation.Test.csproj", "{ECCA885A-87D5-4198-9BE6-79B86A9E45B1}"
EndProject
Project("{FAE04EC0-301F-11D3-BF4B-00C04F79EFBC}") = "WebApi.Test.Data", "WebApi.Test.Data\WebApi.Test.Data.csproj", "{CC2521AE-9B23-481D-9302-0ADE9F7246E1}"
EndProject
Project("{FAE04EC0-301F-11D3-BF4B-00C04F79EFBC}") = "WebApi.Service.Implementation.Test", "WebApi.Service.Implementation.Test\WebApi.Service.Implementation.Test.csproj", "{24E2C4BE-928A-4A40-9F7B-30C945C57714}"
EndProject
Project("{2150E333-8FDC-42A3-9474-1A3956D46DE8}") = "TestData", "TestData", "{D74B13FE-E972-4FCC-BB99-182CD0BD0547}"
EndProject
Project("{2150E333-8FDC-42A3-9474-1A3956D46DE8}") = "Client", "Client", "{B62DEDDB-EB3E-4419-BE4B-B459216789BE}"
EndProject
Project("{FAE04EC0-301F-11D3-BF4B-00C04F79EFBC}") = "WebApi.Client.WebApp", "WebApi.Client.WebApp\WebApi.Client.WebApp.csproj", "{BCE1E1DD-0B5F-4252-B915-0C368C9A0076}"
EndProject
Project("{FAE04EC0-301F-11D3-BF4B-00C04F79EFBC}") = "WebApi.Custom.Filters", "WebApi.Custom.Filters\WebApi.Custom.Filters.csproj", "{9E23F5FD-479B-4FD2-A4B1-D6C9A3F6A199}"
EndProject
Project("{FAE04EC0-301F-11D3-BF4B-00C04F79EFBC}") = "WebApi.Custom.Validator", "WebApi.Custom.Validator\WebApi.Custom.Validator.csproj", "{A922AA6B-61A1-4EEE-9B61-427B26D7458E}"
EndProject
Project("{FAE04EC0-301F-11D3-BF4B-00C04F79EFBC}") = "WebApi.Custom.ModelBinder", "WebApi.Custom.ModalBinder\WebApi.Custom.ModelBinder.csproj", "{D68CFA4D-27BF-4D72-8C43-D6D26594B084}"
EndProject
Project("{FAE04EC0-301F-11D3-BF4B-00C04F79EFBC}") = "WebApi.Custom.MessageHandler", "WebApi.Custom.MessageHandler\WebApi.Custom.MessageHandler.csproj", "{DA8E2F76-7CF2-46F4-870F-023C218301FB}"
EndProject
Project("{2150E333-8FDC-42A3-9474-1A3956D46DE8}") = "WebApi-Helpers", "WebApi-Helpers", "{E4A95ECE-30FC-4B64-8A31-AC13E07668E7}"
EndProject
Project("{FAE04EC0-301F-11D3-BF4B-00C04F79EFBC}") = "WebApi.Custom.Filters.Tests", "WebApi.Custom.Filters.Tests\WebApi.Custom.Filters.Tests.csproj", "{B798FBB1-91F0-4D71-AA6C-85840A0BF786}"
EndProject
Project("{FAE04EC0-301F-11D3-BF4B-00C04F79EFBC}") = "WebApi.Custom.MessageHandler.Tests", "WebApi.Custom.MessageHandler.Tests\WebApi.Custom.MessageHandler.Tests.csproj", "{09AEBFE6-CFD0-461F-8126-C66184C54BEA}"
EndProject
Project("{FAE04EC0-301F-11D3-BF4B-00C04F79EFBC}") = "WebApi.Custom.ModelBinder.Tests", "WebApi.Custom.ModelBinder.Tests\WebApi.Custom.ModelBinder.Tests.csproj", "{BABCE7BA-05D7-400F-8EBF-0CFF95DFA396}"
EndProject
Project("{FAE04EC0-301F-11D3-BF4B-00C04F79EFBC}") = "WebApi.Custom.Validator.Tests", "WebApi.Custom.Validator.Tests\WebApi.Custom.Validator.Tests.csproj", "{8C8FB2CE-9C78-416B-B293-400AD1A940D6}"
EndProject
Project("{2150E333-8FDC-42A3-9474-1A3956D46DE8}") = "Controllers", "Controllers", "{E8DEB3A1-45C8-4BF7-8E67-2242885CB79F}"
EndProject
Project("{FAE04EC0-301F-11D3-BF4B-00C04F79EFBC}") = "WebApi.Controller.Interface", "WebApi.Controller.Interface\WebApi.Controller.Interface.csproj", "{F2A0EB3D-CC47-4CB8-91FB-C6313FD1626F}"
EndProject
Project("{FAE04EC0-301F-11D3-BF4B-00C04F79EFBC}") = "WebApi.Controller.Implementation", "WebApi.Controller.Implementation\WebApi.Controller.Implementation.csproj", "{008B5BB9-EAEF-4E51-A631-7651BF782436}"
EndProject
Project("{2150E333-8FDC-42A3-9474-1A3956D46DE8}") = "Controllers", "Controllers", "{60364E72-B755-43A5-99C5-9DC571A33F28}"
EndProject
Project("{FAE04EC0-301F-11D3-BF4B-00C04F79EFBC}") = "WebApi.Controller.Implementation.Tests", "WebApi.Controller.Implementation.Tests\WebApi.Controller.Implementation.Tests.csproj", "{E0BA0D0B-8B8B-4E09-9BE5-4B219813846A}"
EndProject
Project("{FAE04EC0-301F-11D3-BF4B-00C04F79EFBC}") = "WebApi.Custom.Configuration", "WebApi.Custom.Configuration\WebApi.Custom.Configuration.csproj", "{EEF210C7-5FD1-4A5D-938C-3AE04AC504B8}"
EndProject
Project("{FAE04EC0-301F-11D3-BF4B-00C04F79EFBC}") = "WebApi.Owin.SelfHost", "WebApi.Owin.SelfHost\WebApi.Owin.SelfHost.csproj", "{9DDC4934-1FBC-48B2-9F21-14908F78BD4B}"
EndProject
Project("{FAE04EC0-301F-11D3-BF4B-00C04F79EFBC}") = "WebApi.Domains.MetaData", "WebApi.Domains.MetaData\WebApi.Domains.MetaData.csproj", "{9CF564D3-11CD-4574-A1E8-251D6388529C}"
EndProject
Project("{FAE04EC0-301F-11D3-BF4B-00C04F79EFBC}") = "WebApi.Json.Utility", "WebApi.Json.Utility\WebApi.Json.Utility.csproj", "{7E46AA52-89E8-460E-91FE-EAC99A1A65CC}"
EndProject
Project("{2150E333-8FDC-42A3-9474-1A3956D46DE8}") = "Dto", "Dto", "{39112E2B-1A07-4788-9B42-8A8D378B094B}"
EndProject
Project("{FAE04EC0-301F-11D3-BF4B-00C04F79EFBC}") = "WebApi.Dto", "WebApi.Dto\WebApi.Dto.csproj", "{9AA8FB32-9B24-4937-9463-F5A50BBD9B07}"
EndProject
Project("{FAE04EC0-301F-11D3-BF4B-00C04F79EFBC}") = "WebApi.Common.Utility", "WebApi.Common.Utility\WebApi.Common.Utility.csproj", "{5157C5C1-5AF4-4449-BF6E-F98CA42194D4}"
EndProject
Project("{FAE04EC0-301F-11D3-BF4B-00C04F79EFBC}") = "WebApi.Common.Utility.Test", "WebApi.Common.Utility.Test\WebApi.Common.Utility.Test.csproj", "{CA74AA63-66F3-44FA-94FD-784FF523EA02}"
EndProject
Project("{2150E333-8FDC-42A3-9474-1A3956D46DE8}") = "01_Docs", "01_Docs", "{1378AF85-5A0D-45AF-AC31-0EDE0123FBD7}"
	ProjectSection(SolutionItems) = preProject
		Dependencies Graph.png = Dependencies Graph.png
		FiddlerRequest.saz = FiddlerRequest.saz
		README.md = README.md
		Session_With_OAuth.saz = Session_With_OAuth.saz
	EndProjectSection
EndProject
Project("{2150E333-8FDC-42A3-9474-1A3956D46DE8}") = "TokenServer-Infrastructure", "TokenServer-Infrastructure", "{7AD31090-31A6-47D8-9206-723E1FF39423}"
EndProject
Project("{FAE04EC0-301F-11D3-BF4B-00C04F79EFBC}") = "OAuthTokenServerService", "OAuthTokenServerService\OAuthTokenServerService.csproj", "{EB01A47A-1C7C-4C0D-9901-CEB1A334A96B}"
EndProject
Project("{FAE04EC0-301F-11D3-BF4B-00C04F79EFBC}") = "Console.Integration.Test", "Console.Integration.Test\Console.Integration.Test.csproj", "{56739C4C-EF2D-49FB-844C-B7FFB63C9D50}"
EndProject
Global
	GlobalSection(SolutionConfigurationPlatforms) = preSolution
		Debug|Any CPU = Debug|Any CPU
		Release|Any CPU = Release|Any CPU
	EndGlobalSection
	GlobalSection(ProjectConfigurationPlatforms) = postSolution
		{4A2F1514-D61C-4953-9308-6FE0A45B2A82}.Debug|Any CPU.ActiveCfg = Debug|Any CPU
		{4A2F1514-D61C-4953-9308-6FE0A45B2A82}.Debug|Any CPU.Build.0 = Debug|Any CPU
		{4A2F1514-D61C-4953-9308-6FE0A45B2A82}.Release|Any CPU.ActiveCfg = Release|Any CPU
		{4A2F1514-D61C-4953-9308-6FE0A45B2A82}.Release|Any CPU.Build.0 = Release|Any CPU
		{55A7215C-D08E-44BA-BF14-F987C0487686}.Debug|Any CPU.ActiveCfg = Debug|Any CPU
		{55A7215C-D08E-44BA-BF14-F987C0487686}.Debug|Any CPU.Build.0 = Debug|Any CPU
		{55A7215C-D08E-44BA-BF14-F987C0487686}.Release|Any CPU.ActiveCfg = Release|Any CPU
		{55A7215C-D08E-44BA-BF14-F987C0487686}.Release|Any CPU.Build.0 = Release|Any CPU
		{1D7870BA-1C08-4D28-85BD-BA7D072059C9}.Debug|Any CPU.ActiveCfg = Debug|Any CPU
		{1D7870BA-1C08-4D28-85BD-BA7D072059C9}.Debug|Any CPU.Build.0 = Debug|Any CPU
		{1D7870BA-1C08-4D28-85BD-BA7D072059C9}.Release|Any CPU.ActiveCfg = Release|Any CPU
		{1D7870BA-1C08-4D28-85BD-BA7D072059C9}.Release|Any CPU.Build.0 = Release|Any CPU
		{8F1CA819-3F45-4B8A-B909-E7DF3E4B2A60}.Debug|Any CPU.ActiveCfg = Debug|Any CPU
		{8F1CA819-3F45-4B8A-B909-E7DF3E4B2A60}.Debug|Any CPU.Build.0 = Debug|Any CPU
		{8F1CA819-3F45-4B8A-B909-E7DF3E4B2A60}.Release|Any CPU.ActiveCfg = Release|Any CPU
		{8F1CA819-3F45-4B8A-B909-E7DF3E4B2A60}.Release|Any CPU.Build.0 = Release|Any CPU
		{83D8E301-6A19-483D-A687-8286E6B76221}.Debug|Any CPU.ActiveCfg = Debug|Any CPU
		{83D8E301-6A19-483D-A687-8286E6B76221}.Debug|Any CPU.Build.0 = Debug|Any CPU
		{83D8E301-6A19-483D-A687-8286E6B76221}.Release|Any CPU.ActiveCfg = Release|Any CPU
		{83D8E301-6A19-483D-A687-8286E6B76221}.Release|Any CPU.Build.0 = Release|Any CPU
		{0F08045C-4C6F-4CE7-9508-3E6D0162C904}.Debug|Any CPU.ActiveCfg = Debug|Any CPU
		{0F08045C-4C6F-4CE7-9508-3E6D0162C904}.Debug|Any CPU.Build.0 = Debug|Any CPU
		{0F08045C-4C6F-4CE7-9508-3E6D0162C904}.Release|Any CPU.ActiveCfg = Release|Any CPU
		{0F08045C-4C6F-4CE7-9508-3E6D0162C904}.Release|Any CPU.Build.0 = Release|Any CPU
		{2CDE8703-AFB3-4474-8A73-0CA58054AAD8}.Debug|Any CPU.ActiveCfg = Debug|Any CPU
		{2CDE8703-AFB3-4474-8A73-0CA58054AAD8}.Debug|Any CPU.Build.0 = Debug|Any CPU
		{2CDE8703-AFB3-4474-8A73-0CA58054AAD8}.Release|Any CPU.ActiveCfg = Release|Any CPU
		{2CDE8703-AFB3-4474-8A73-0CA58054AAD8}.Release|Any CPU.Build.0 = Release|Any CPU
		{B444ACE6-FBEF-44A0-804D-BACB4ECB40D7}.Debug|Any CPU.ActiveCfg = Debug|Any CPU
		{B444ACE6-FBEF-44A0-804D-BACB4ECB40D7}.Debug|Any CPU.Build.0 = Debug|Any CPU
		{B444ACE6-FBEF-44A0-804D-BACB4ECB40D7}.Release|Any CPU.ActiveCfg = Release|Any CPU
		{B444ACE6-FBEF-44A0-804D-BACB4ECB40D7}.Release|Any CPU.Build.0 = Release|Any CPU
		{4732FB35-504E-49D9-9C8F-4B408A549307}.Debug|Any CPU.ActiveCfg = Debug|Any CPU
		{4732FB35-504E-49D9-9C8F-4B408A549307}.Debug|Any CPU.Build.0 = Debug|Any CPU
		{4732FB35-504E-49D9-9C8F-4B408A549307}.Release|Any CPU.ActiveCfg = Release|Any CPU
		{4732FB35-504E-49D9-9C8F-4B408A549307}.Release|Any CPU.Build.0 = Release|Any CPU
		{ECCA885A-87D5-4198-9BE6-79B86A9E45B1}.Debug|Any CPU.ActiveCfg = Debug|Any CPU
		{ECCA885A-87D5-4198-9BE6-79B86A9E45B1}.Debug|Any CPU.Build.0 = Debug|Any CPU
		{ECCA885A-87D5-4198-9BE6-79B86A9E45B1}.Release|Any CPU.ActiveCfg = Release|Any CPU
		{ECCA885A-87D5-4198-9BE6-79B86A9E45B1}.Release|Any CPU.Build.0 = Release|Any CPU
		{CC2521AE-9B23-481D-9302-0ADE9F7246E1}.Debug|Any CPU.ActiveCfg = Debug|Any CPU
		{CC2521AE-9B23-481D-9302-0ADE9F7246E1}.Debug|Any CPU.Build.0 = Debug|Any CPU
		{CC2521AE-9B23-481D-9302-0ADE9F7246E1}.Release|Any CPU.ActiveCfg = Release|Any CPU
		{CC2521AE-9B23-481D-9302-0ADE9F7246E1}.Release|Any CPU.Build.0 = Release|Any CPU
		{24E2C4BE-928A-4A40-9F7B-30C945C57714}.Debug|Any CPU.ActiveCfg = Debug|Any CPU
		{24E2C4BE-928A-4A40-9F7B-30C945C57714}.Debug|Any CPU.Build.0 = Debug|Any CPU
		{24E2C4BE-928A-4A40-9F7B-30C945C57714}.Release|Any CPU.ActiveCfg = Release|Any CPU
		{24E2C4BE-928A-4A40-9F7B-30C945C57714}.Release|Any CPU.Build.0 = Release|Any CPU
		{BCE1E1DD-0B5F-4252-B915-0C368C9A0076}.Debug|Any CPU.ActiveCfg = Debug|Any CPU
		{BCE1E1DD-0B5F-4252-B915-0C368C9A0076}.Debug|Any CPU.Build.0 = Debug|Any CPU
		{BCE1E1DD-0B5F-4252-B915-0C368C9A0076}.Release|Any CPU.ActiveCfg = Release|Any CPU
		{BCE1E1DD-0B5F-4252-B915-0C368C9A0076}.Release|Any CPU.Build.0 = Release|Any CPU
		{9E23F5FD-479B-4FD2-A4B1-D6C9A3F6A199}.Debug|Any CPU.ActiveCfg = Debug|Any CPU
		{9E23F5FD-479B-4FD2-A4B1-D6C9A3F6A199}.Debug|Any CPU.Build.0 = Debug|Any CPU
		{9E23F5FD-479B-4FD2-A4B1-D6C9A3F6A199}.Release|Any CPU.ActiveCfg = Release|Any CPU
		{9E23F5FD-479B-4FD2-A4B1-D6C9A3F6A199}.Release|Any CPU.Build.0 = Release|Any CPU
		{A922AA6B-61A1-4EEE-9B61-427B26D7458E}.Debug|Any CPU.ActiveCfg = Debug|Any CPU
		{A922AA6B-61A1-4EEE-9B61-427B26D7458E}.Debug|Any CPU.Build.0 = Debug|Any CPU
		{A922AA6B-61A1-4EEE-9B61-427B26D7458E}.Release|Any CPU.ActiveCfg = Release|Any CPU
		{A922AA6B-61A1-4EEE-9B61-427B26D7458E}.Release|Any CPU.Build.0 = Release|Any CPU
		{D68CFA4D-27BF-4D72-8C43-D6D26594B084}.Debug|Any CPU.ActiveCfg = Debug|Any CPU
		{D68CFA4D-27BF-4D72-8C43-D6D26594B084}.Debug|Any CPU.Build.0 = Debug|Any CPU
		{D68CFA4D-27BF-4D72-8C43-D6D26594B084}.Release|Any CPU.ActiveCfg = Release|Any CPU
		{D68CFA4D-27BF-4D72-8C43-D6D26594B084}.Release|Any CPU.Build.0 = Release|Any CPU
		{DA8E2F76-7CF2-46F4-870F-023C218301FB}.Debug|Any CPU.ActiveCfg = Debug|Any CPU
		{DA8E2F76-7CF2-46F4-870F-023C218301FB}.Debug|Any CPU.Build.0 = Debug|Any CPU
		{DA8E2F76-7CF2-46F4-870F-023C218301FB}.Release|Any CPU.ActiveCfg = Release|Any CPU
		{DA8E2F76-7CF2-46F4-870F-023C218301FB}.Release|Any CPU.Build.0 = Release|Any CPU
		{B798FBB1-91F0-4D71-AA6C-85840A0BF786}.Debug|Any CPU.ActiveCfg = Debug|Any CPU
		{B798FBB1-91F0-4D71-AA6C-85840A0BF786}.Debug|Any CPU.Build.0 = Debug|Any CPU
		{B798FBB1-91F0-4D71-AA6C-85840A0BF786}.Release|Any CPU.ActiveCfg = Release|Any CPU
		{B798FBB1-91F0-4D71-AA6C-85840A0BF786}.Release|Any CPU.Build.0 = Release|Any CPU
		{09AEBFE6-CFD0-461F-8126-C66184C54BEA}.Debug|Any CPU.ActiveCfg = Debug|Any CPU
		{09AEBFE6-CFD0-461F-8126-C66184C54BEA}.Debug|Any CPU.Build.0 = Debug|Any CPU
		{09AEBFE6-CFD0-461F-8126-C66184C54BEA}.Release|Any CPU.ActiveCfg = Release|Any CPU
		{09AEBFE6-CFD0-461F-8126-C66184C54BEA}.Release|Any CPU.Build.0 = Release|Any CPU
		{BABCE7BA-05D7-400F-8EBF-0CFF95DFA396}.Debug|Any CPU.ActiveCfg = Debug|Any CPU
		{BABCE7BA-05D7-400F-8EBF-0CFF95DFA396}.Debug|Any CPU.Build.0 = Debug|Any CPU
		{BABCE7BA-05D7-400F-8EBF-0CFF95DFA396}.Release|Any CPU.ActiveCfg = Release|Any CPU
		{BABCE7BA-05D7-400F-8EBF-0CFF95DFA396}.Release|Any CPU.Build.0 = Release|Any CPU
		{8C8FB2CE-9C78-416B-B293-400AD1A940D6}.Debug|Any CPU.ActiveCfg = Debug|Any CPU
		{8C8FB2CE-9C78-416B-B293-400AD1A940D6}.Debug|Any CPU.Build.0 = Debug|Any CPU
		{8C8FB2CE-9C78-416B-B293-400AD1A940D6}.Release|Any CPU.ActiveCfg = Release|Any CPU
		{8C8FB2CE-9C78-416B-B293-400AD1A940D6}.Release|Any CPU.Build.0 = Release|Any CPU
		{F2A0EB3D-CC47-4CB8-91FB-C6313FD1626F}.Debug|Any CPU.ActiveCfg = Debug|Any CPU
		{F2A0EB3D-CC47-4CB8-91FB-C6313FD1626F}.Debug|Any CPU.Build.0 = Debug|Any CPU
		{F2A0EB3D-CC47-4CB8-91FB-C6313FD1626F}.Release|Any CPU.ActiveCfg = Release|Any CPU
		{F2A0EB3D-CC47-4CB8-91FB-C6313FD1626F}.Release|Any CPU.Build.0 = Release|Any CPU
		{008B5BB9-EAEF-4E51-A631-7651BF782436}.Debug|Any CPU.ActiveCfg = Debug|Any CPU
		{008B5BB9-EAEF-4E51-A631-7651BF782436}.Debug|Any CPU.Build.0 = Debug|Any CPU
		{008B5BB9-EAEF-4E51-A631-7651BF782436}.Release|Any CPU.ActiveCfg = Release|Any CPU
		{008B5BB9-EAEF-4E51-A631-7651BF782436}.Release|Any CPU.Build.0 = Release|Any CPU
		{E0BA0D0B-8B8B-4E09-9BE5-4B219813846A}.Debug|Any CPU.ActiveCfg = Debug|Any CPU
		{E0BA0D0B-8B8B-4E09-9BE5-4B219813846A}.Debug|Any CPU.Build.0 = Debug|Any CPU
		{E0BA0D0B-8B8B-4E09-9BE5-4B219813846A}.Release|Any CPU.ActiveCfg = Release|Any CPU
		{E0BA0D0B-8B8B-4E09-9BE5-4B219813846A}.Release|Any CPU.Build.0 = Release|Any CPU
		{EEF210C7-5FD1-4A5D-938C-3AE04AC504B8}.Debug|Any CPU.ActiveCfg = Debug|Any CPU
		{EEF210C7-5FD1-4A5D-938C-3AE04AC504B8}.Debug|Any CPU.Build.0 = Debug|Any CPU
		{EEF210C7-5FD1-4A5D-938C-3AE04AC504B8}.Release|Any CPU.ActiveCfg = Release|Any CPU
		{EEF210C7-5FD1-4A5D-938C-3AE04AC504B8}.Release|Any CPU.Build.0 = Release|Any CPU
		{9DDC4934-1FBC-48B2-9F21-14908F78BD4B}.Debug|Any CPU.ActiveCfg = Debug|Any CPU
		{9DDC4934-1FBC-48B2-9F21-14908F78BD4B}.Debug|Any CPU.Build.0 = Debug|Any CPU
		{9DDC4934-1FBC-48B2-9F21-14908F78BD4B}.Release|Any CPU.ActiveCfg = Release|Any CPU
		{9DDC4934-1FBC-48B2-9F21-14908F78BD4B}.Release|Any CPU.Build.0 = Release|Any CPU
		{9CF564D3-11CD-4574-A1E8-251D6388529C}.Debug|Any CPU.ActiveCfg = Debug|Any CPU
		{9CF564D3-11CD-4574-A1E8-251D6388529C}.Debug|Any CPU.Build.0 = Debug|Any CPU
		{9CF564D3-11CD-4574-A1E8-251D6388529C}.Release|Any CPU.ActiveCfg = Release|Any CPU
		{9CF564D3-11CD-4574-A1E8-251D6388529C}.Release|Any CPU.Build.0 = Release|Any CPU
		{7E46AA52-89E8-460E-91FE-EAC99A1A65CC}.Debug|Any CPU.ActiveCfg = Debug|Any CPU
		{7E46AA52-89E8-460E-91FE-EAC99A1A65CC}.Debug|Any CPU.Build.0 = Debug|Any CPU
		{7E46AA52-89E8-460E-91FE-EAC99A1A65CC}.Release|Any CPU.ActiveCfg = Release|Any CPU
		{7E46AA52-89E8-460E-91FE-EAC99A1A65CC}.Release|Any CPU.Build.0 = Release|Any CPU
		{9AA8FB32-9B24-4937-9463-F5A50BBD9B07}.Debug|Any CPU.ActiveCfg = Debug|Any CPU
		{9AA8FB32-9B24-4937-9463-F5A50BBD9B07}.Debug|Any CPU.Build.0 = Debug|Any CPU
		{9AA8FB32-9B24-4937-9463-F5A50BBD9B07}.Release|Any CPU.ActiveCfg = Release|Any CPU
		{9AA8FB32-9B24-4937-9463-F5A50BBD9B07}.Release|Any CPU.Build.0 = Release|Any CPU
		{5157C5C1-5AF4-4449-BF6E-F98CA42194D4}.Debug|Any CPU.ActiveCfg = Debug|Any CPU
		{5157C5C1-5AF4-4449-BF6E-F98CA42194D4}.Debug|Any CPU.Build.0 = Debug|Any CPU
		{5157C5C1-5AF4-4449-BF6E-F98CA42194D4}.Release|Any CPU.ActiveCfg = Release|Any CPU
		{5157C5C1-5AF4-4449-BF6E-F98CA42194D4}.Release|Any CPU.Build.0 = Release|Any CPU
		{CA74AA63-66F3-44FA-94FD-784FF523EA02}.Debug|Any CPU.ActiveCfg = Debug|Any CPU
		{CA74AA63-66F3-44FA-94FD-784FF523EA02}.Debug|Any CPU.Build.0 = Debug|Any CPU
		{CA74AA63-66F3-44FA-94FD-784FF523EA02}.Release|Any CPU.ActiveCfg = Release|Any CPU
		{CA74AA63-66F3-44FA-94FD-784FF523EA02}.Release|Any CPU.Build.0 = Release|Any CPU
		{EB01A47A-1C7C-4C0D-9901-CEB1A334A96B}.Debug|Any CPU.ActiveCfg = Debug|Any CPU
		{EB01A47A-1C7C-4C0D-9901-CEB1A334A96B}.Debug|Any CPU.Build.0 = Debug|Any CPU
		{EB01A47A-1C7C-4C0D-9901-CEB1A334A96B}.Release|Any CPU.ActiveCfg = Release|Any CPU
		{EB01A47A-1C7C-4C0D-9901-CEB1A334A96B}.Release|Any CPU.Build.0 = Release|Any CPU
		{56739C4C-EF2D-49FB-844C-B7FFB63C9D50}.Debug|Any CPU.ActiveCfg = Debug|Any CPU
		{56739C4C-EF2D-49FB-844C-B7FFB63C9D50}.Debug|Any CPU.Build.0 = Debug|Any CPU
		{56739C4C-EF2D-49FB-844C-B7FFB63C9D50}.Release|Any CPU.ActiveCfg = Release|Any CPU
		{56739C4C-EF2D-49FB-844C-B7FFB63C9D50}.Release|Any CPU.Build.0 = Release|Any CPU
	EndGlobalSection
	GlobalSection(SolutionProperties) = preSolution
		HideSolutionNode = FALSE
	EndGlobalSection
	GlobalSection(NestedProjects) = preSolution
		{4A2F1514-D61C-4953-9308-6FE0A45B2A82} = {BEE25DFA-83B9-438C-B093-5F0115582BDA}
		{55A7215C-D08E-44BA-BF14-F987C0487686} = {183F2E02-9652-42F7-BCAC-84A08DBA8A11}
		{1D7870BA-1C08-4D28-85BD-BA7D072059C9} = {183F2E02-9652-42F7-BCAC-84A08DBA8A11}
		{8F1CA819-3F45-4B8A-B909-E7DF3E4B2A60} = {2B96D59E-87A8-4CE8-89B2-9FCBEAAA4C69}
		{83D8E301-6A19-483D-A687-8286E6B76221} = {2B96D59E-87A8-4CE8-89B2-9FCBEAAA4C69}
		{0F08045C-4C6F-4CE7-9508-3E6D0162C904} = {765C2DB1-2BA3-4C67-9142-E4DEBC7612FD}
		{2CDE8703-AFB3-4474-8A73-0CA58054AAD8} = {4003CFCE-3430-41A7-90C0-2BBD87D08CB4}
		{B444ACE6-FBEF-44A0-804D-BACB4ECB40D7} = {782B0DAE-EE53-4E8B-A86D-B307C93591E2}
		{28F8D26F-3D3A-46C4-840B-4D6BBFA3AD38} = {782B0DAE-EE53-4E8B-A86D-B307C93591E2}
		{4732FB35-504E-49D9-9C8F-4B408A549307} = {28F8D26F-3D3A-46C4-840B-4D6BBFA3AD38}
		{3E11CCCC-C048-454F-A449-92757A336E4A} = {782B0DAE-EE53-4E8B-A86D-B307C93591E2}
		{EA17DD17-B8CB-4C41-92B9-072E0C782B32} = {782B0DAE-EE53-4E8B-A86D-B307C93591E2}
		{ECCA885A-87D5-4198-9BE6-79B86A9E45B1} = {3E11CCCC-C048-454F-A449-92757A336E4A}
		{CC2521AE-9B23-481D-9302-0ADE9F7246E1} = {D74B13FE-E972-4FCC-BB99-182CD0BD0547}
		{24E2C4BE-928A-4A40-9F7B-30C945C57714} = {EA17DD17-B8CB-4C41-92B9-072E0C782B32}
		{D74B13FE-E972-4FCC-BB99-182CD0BD0547} = {782B0DAE-EE53-4E8B-A86D-B307C93591E2}
		{BCE1E1DD-0B5F-4252-B915-0C368C9A0076} = {B62DEDDB-EB3E-4419-BE4B-B459216789BE}
		{9E23F5FD-479B-4FD2-A4B1-D6C9A3F6A199} = {C1778C2D-BD58-451B-842B-9C8D080AB316}
		{A922AA6B-61A1-4EEE-9B61-427B26D7458E} = {C1778C2D-BD58-451B-842B-9C8D080AB316}
		{D68CFA4D-27BF-4D72-8C43-D6D26594B084} = {C1778C2D-BD58-451B-842B-9C8D080AB316}
		{DA8E2F76-7CF2-46F4-870F-023C218301FB} = {C1778C2D-BD58-451B-842B-9C8D080AB316}
		{E4A95ECE-30FC-4B64-8A31-AC13E07668E7} = {782B0DAE-EE53-4E8B-A86D-B307C93591E2}
		{B798FBB1-91F0-4D71-AA6C-85840A0BF786} = {E4A95ECE-30FC-4B64-8A31-AC13E07668E7}
		{09AEBFE6-CFD0-461F-8126-C66184C54BEA} = {E4A95ECE-30FC-4B64-8A31-AC13E07668E7}
		{BABCE7BA-05D7-400F-8EBF-0CFF95DFA396} = {E4A95ECE-30FC-4B64-8A31-AC13E07668E7}
		{8C8FB2CE-9C78-416B-B293-400AD1A940D6} = {E4A95ECE-30FC-4B64-8A31-AC13E07668E7}
		{F2A0EB3D-CC47-4CB8-91FB-C6313FD1626F} = {E8DEB3A1-45C8-4BF7-8E67-2242885CB79F}
		{008B5BB9-EAEF-4E51-A631-7651BF782436} = {E8DEB3A1-45C8-4BF7-8E67-2242885CB79F}
		{60364E72-B755-43A5-99C5-9DC571A33F28} = {782B0DAE-EE53-4E8B-A86D-B307C93591E2}
		{E0BA0D0B-8B8B-4E09-9BE5-4B219813846A} = {60364E72-B755-43A5-99C5-9DC571A33F28}
		{EEF210C7-5FD1-4A5D-938C-3AE04AC504B8} = {765C2DB1-2BA3-4C67-9142-E4DEBC7612FD}
		{9DDC4934-1FBC-48B2-9F21-14908F78BD4B} = {4003CFCE-3430-41A7-90C0-2BBD87D08CB4}
		{9CF564D3-11CD-4574-A1E8-251D6388529C} = {BEE25DFA-83B9-438C-B093-5F0115582BDA}
		{7E46AA52-89E8-460E-91FE-EAC99A1A65CC} = {765C2DB1-2BA3-4C67-9142-E4DEBC7612FD}
		{9AA8FB32-9B24-4937-9463-F5A50BBD9B07} = {39112E2B-1A07-4788-9B42-8A8D378B094B}
		{5157C5C1-5AF4-4449-BF6E-F98CA42194D4} = {765C2DB1-2BA3-4C67-9142-E4DEBC7612FD}
		{CA74AA63-66F3-44FA-94FD-784FF523EA02} = {28F8D26F-3D3A-46C4-840B-4D6BBFA3AD38}
		{EB01A47A-1C7C-4C0D-9901-CEB1A334A96B} = {7AD31090-31A6-47D8-9206-723E1FF39423}
		{56739C4C-EF2D-49FB-844C-B7FFB63C9D50} = {28F8D26F-3D3A-46C4-840B-4D6BBFA3AD38}
	EndGlobalSection
EndGlobal
